// !$*UTF8*$!
{
	archiveVersion = 1;
	classes = {
	};
	objectVersion = 50;
	objects = {

/* Begin PBXBuildFile section */
		13377E25287B28CA0093C3F7 /* AppDelegate.swift in Sources */ = {isa = PBXBuildFile; fileRef = 13377E24287B28CA0093C3F7 /* AppDelegate.swift */; };
		13377E27287B28CA0093C3F7 /* SceneDelegate.swift in Sources */ = {isa = PBXBuildFile; fileRef = 13377E26287B28CA0093C3F7 /* SceneDelegate.swift */; };
		13377E29287B28CA0093C3F7 /* ViewController.swift in Sources */ = {isa = PBXBuildFile; fileRef = 13377E28287B28CA0093C3F7 /* ViewController.swift */; };
		13377E2C287B28CA0093C3F7 /* Main.storyboard in Resources */ = {isa = PBXBuildFile; fileRef = 13377E2A287B28CA0093C3F7 /* Main.storyboard */; };
		13377E2E287B28CB0093C3F7 /* Assets.xcassets in Resources */ = {isa = PBXBuildFile; fileRef = 13377E2D287B28CB0093C3F7 /* Assets.xcassets */; };
		13377E31287B28CB0093C3F7 /* LaunchScreen.storyboard in Resources */ = {isa = PBXBuildFile; fileRef = 13377E2F287B28CB0093C3F7 /* LaunchScreen.storyboard */; };
		13377E3B287B2B210093C3F7 /* CatModel.swift in Sources */ = {isa = PBXBuildFile; fileRef = 13377E3A287B2B210093C3F7 /* CatModel.swift */; };
		13377E40287B47870093C3F7 /* CatTableViewCell.swift in Sources */ = {isa = PBXBuildFile; fileRef = 13377E3E287B47870093C3F7 /* CatTableViewCell.swift */; };
		13377E41287B47870093C3F7 /* CatTableViewCell.xib in Resources */ = {isa = PBXBuildFile; fileRef = 13377E3F287B47870093C3F7 /* CatTableViewCell.xib */; };
		13377E45287B4ED10093C3F7 /* DetailViewController.swift in Sources */ = {isa = PBXBuildFile; fileRef = 13377E44287B4ED10093C3F7 /* DetailViewController.swift */; };
/* End PBXBuildFile section */

/* Begin PBXFileReference section */
		13377E21287B28CA0093C3F7 /* Animolz-iOS.app */ = {isa = PBXFileReference; explicitFileType = wrapper.application; includeInIndex = 0; path = "Animolz-iOS.app"; sourceTree = BUILT_PRODUCTS_DIR; };
		13377E24287B28CA0093C3F7 /* AppDelegate.swift */ = {isa = PBXFileReference; lastKnownFileType = sourcecode.swift; path = AppDelegate.swift; sourceTree = "<group>"; };
		13377E26287B28CA0093C3F7 /* SceneDelegate.swift */ = {isa = PBXFileReference; lastKnownFileType = sourcecode.swift; path = SceneDelegate.swift; sourceTree = "<group>"; };
		13377E28287B28CA0093C3F7 /* ViewController.swift */ = {isa = PBXFileReference; lastKnownFileType = sourcecode.swift; path = ViewController.swift; sourceTree = "<group>"; };
		13377E2B287B28CA0093C3F7 /* Base */ = {isa = PBXFileReference; lastKnownFileType = file.storyboard; name = Base; path = Base.lproj/Main.storyboard; sourceTree = "<group>"; };
		13377E2D287B28CB0093C3F7 /* Assets.xcassets */ = {isa = PBXFileReference; lastKnownFileType = folder.assetcatalog; path = Assets.xcassets; sourceTree = "<group>"; };
		13377E30287B28CB0093C3F7 /* Base */ = {isa = PBXFileReference; lastKnownFileType = file.storyboard; name = Base; path = Base.lproj/LaunchScreen.storyboard; sourceTree = "<group>"; };
		13377E32287B28CB0093C3F7 /* Info.plist */ = {isa = PBXFileReference; lastKnownFileType = text.plist.xml; path = Info.plist; sourceTree = "<group>"; };
		13377E3A287B2B210093C3F7 /* CatModel.swift */ = {isa = PBXFileReference; lastKnownFileType = sourcecode.swift; path = CatModel.swift; sourceTree = "<group>"; };
		13377E3E287B47870093C3F7 /* CatTableViewCell.swift */ = {isa = PBXFileReference; lastKnownFileType = sourcecode.swift; path = CatTableViewCell.swift; sourceTree = "<group>"; };
		13377E3F287B47870093C3F7 /* CatTableViewCell.xib */ = {isa = PBXFileReference; lastKnownFileType = file.xib; path = CatTableViewCell.xib; sourceTree = "<group>"; };
		13377E44287B4ED10093C3F7 /* DetailViewController.swift */ = {isa = PBXFileReference; lastKnownFileType = sourcecode.swift; path = DetailViewController.swift; sourceTree = "<group>"; };
/* End PBXFileReference section */

/* Begin PBXFrameworksBuildPhase section */
		13377E1E287B28CA0093C3F7 /* Frameworks */ = {
			isa = PBXFrameworksBuildPhase;
			buildActionMask = 2147483647;
			files = (
			);
			runOnlyForDeploymentPostprocessing = 0;
		};
/* End PBXFrameworksBuildPhase section */

/* Begin PBXGroup section */
		13377E18287B28CA0093C3F7 = {
			isa = PBXGroup;
			children = (
				13377E23287B28CA0093C3F7 /* Animolz-iOS */,
				13377E22287B28CA0093C3F7 /* Products */,
			);
			sourceTree = "<group>";
		};
		13377E22287B28CA0093C3F7 /* Products */ = {
			isa = PBXGroup;
			children = (
				13377E21287B28CA0093C3F7 /* Animolz-iOS.app */,
			);
			name = Products;
			sourceTree = "<group>";
		};
		13377E23287B28CA0093C3F7 /* Animolz-iOS */ = {
			isa = PBXGroup;
			children = (
				13377E24287B28CA0093C3F7 /* AppDelegate.swift */,
				13377E26287B28CA0093C3F7 /* SceneDelegate.swift */,
				13377E28287B28CA0093C3F7 /* ViewController.swift */,
				13377E44287B4ED10093C3F7 /* DetailViewController.swift */,
				13377E3A287B2B210093C3F7 /* CatModel.swift */,
				13377E3E287B47870093C3F7 /* CatTableViewCell.swift */,
				13377E3F287B47870093C3F7 /* CatTableViewCell.xib */,
				13377E2A287B28CA0093C3F7 /* Main.storyboard */,
				13377E2D287B28CB0093C3F7 /* Assets.xcassets */,
				13377E2F287B28CB0093C3F7 /* LaunchScreen.storyboard */,
				13377E32287B28CB0093C3F7 /* Info.plist */,
			);
			path = "Animolz-iOS";
			sourceTree = "<group>";
		};
/* End PBXGroup section */

/* Begin PBXNativeTarget section */
		13377E20287B28CA0093C3F7 /* Animolz-iOS */ = {
			isa = PBXNativeTarget;
			buildConfigurationList = 13377E35287B28CB0093C3F7 /* Build configuration list for PBXNativeTarget "Animolz-iOS" */;
			buildPhases = (
				13377E1D287B28CA0093C3F7 /* Sources */,
				13377E1E287B28CA0093C3F7 /* Frameworks */,
				13377E1F287B28CA0093C3F7 /* Resources */,
			);
			buildRules = (
			);
			dependencies = (
			);
			name = "Animolz-iOS";
			productName = "Animolz-iOS";
			productReference = 13377E21287B28CA0093C3F7 /* Animolz-iOS.app */;
			productType = "com.apple.product-type.application";
		};
/* End PBXNativeTarget section */

/* Begin PBXProject section */
		13377E19287B28CA0093C3F7 /* Project object */ = {
			isa = PBXProject;
			attributes = {
				LastSwiftUpdateCheck = 1240;
				LastUpgradeCheck = 1240;
				TargetAttributes = {
					13377E20287B28CA0093C3F7 = {
						CreatedOnToolsVersion = 12.4;
					};
				};
			};
			buildConfigurationList = 13377E1C287B28CA0093C3F7 /* Build configuration list for PBXProject "Animolz-iOS" */;
			compatibilityVersion = "Xcode 9.3";
			developmentRegion = en;
			hasScannedForEncodings = 0;
			knownRegions = (
				en,
				Base,
			);
			mainGroup = 13377E18287B28CA0093C3F7;
			productRefGroup = 13377E22287B28CA0093C3F7 /* Products */;
			projectDirPath = "";
			projectRoot = "";
			targets = (
				13377E20287B28CA0093C3F7 /* Animolz-iOS */,
			);
		};
/* End PBXProject section */

/* Begin PBXResourcesBuildPhase section */
		13377E1F287B28CA0093C3F7 /* Resources */ = {
			isa = PBXResourcesBuildPhase;
			buildActionMask = 2147483647;
			files = (
				13377E41287B47870093C3F7 /* CatTableViewCell.xib in Resources */,
				13377E31287B28CB0093C3F7 /* LaunchScreen.storyboard in Resources */,
				13377E2E287B28CB0093C3F7 /* Assets.xcassets in Resources */,
				13377E2C287B28CA0093C3F7 /* Main.storyboard in Resources */,
			);
			runOnlyForDeploymentPostprocessing = 0;
		};
/* End PBXResourcesBuildPhase section */

/* Begin PBXSourcesBuildPhase section */
		13377E1D287B28CA0093C3F7 /* Sources */ = {
			isa = PBXSourcesBuildPhase;
			buildActionMask = 2147483647;
			files = (
				13377E29287B28CA0093C3F7 /* ViewController.swift in Sources */,
				13377E25287B28CA0093C3F7 /* AppDelegate.swift in Sources */,
				13377E40287B47870093C3F7 /* CatTableViewCell.swift in Sources */,
				13377E45287B4ED10093C3F7 /* DetailViewController.swift in Sources */,
				13377E3B287B2B210093C3F7 /* CatModel.swift in Sources */,
				13377E27287B28CA0093C3F7 /* SceneDelegate.swift in Sources */,
			);
			runOnlyForDeploymentPostprocessing = 0;
		};
/* End PBXSourcesBuildPhase section */

/* Begin PBXVariantGroup section */
		13377E2A287B28CA0093C3F7 /* Main.storyboard */ = {
			isa = PBXVariantGroup;
			children = (
				13377E2B287B28CA0093C3F7 /* Base */,
			);
			name = Main.storyboard;
			sourceTree = "<group>";
		};
		13377E2F287B28CB0093C3F7 /* LaunchScreen.storyboard */ = {
			isa = PBXVariantGroup;
			children = (
				13377E30287B28CB0093C3F7 /* Base */,
			);
			name = LaunchScreen.storyboard;
			sourceTree = "<group>";
		};
/* End PBXVariantGroup section */

/* Begin XCBuildConfiguration section */
		13377E33287B28CB0093C3F7 /* Debug */ = {
			isa = XCBuildConfiguration;
			buildSettings = {
				ALWAYS_SEARCH_USER_PATHS = NO;
				CLANG_ANALYZER_NONNULL = YES;
				CLANG_ANALYZER_NUMBER_OBJECT_CONVERSION = YES_AGGRESSIVE;
				CLANG_CXX_LANGUAGE_STANDARD = "gnu++14";
				CLANG_CXX_LIBRARY = "libc++";
				CLANG_ENABLE_MODULES = YES;
				CLANG_ENABLE_OBJC_ARC = YES;
				CLANG_ENABLE_OBJC_WEAK = YES;
				CLANG_WARN_BLOCK_CAPTURE_AUTORELEASING = YES;
				CLANG_WARN_BOOL_CONVERSION = YES;
				CLANG_WARN_COMMA = YES;
				CLANG_WARN_CONSTANT_CONVERSION = YES;
				CLANG_WARN_DEPRECATED_OBJC_IMPLEMENTATIONS = YES;
				CLANG_WARN_DIRECT_OBJC_ISA_USAGE = YES_ERROR;
				CLANG_WARN_DOCUMENTATION_COMMENTS = YES;
				CLANG_WARN_EMPTY_BODY = YES;
				CLANG_WARN_ENUM_CONVERSION = YES;
				CLANG_WARN_INFINITE_RECURSION = YES;
				CLANG_WARN_INT_CONVERSION = YES;
				CLANG_WARN_NON_LITERAL_NULL_CONVERSION = YES;
				CLANG_WARN_OBJC_IMPLICIT_RETAIN_SELF = YES;
				CLANG_WARN_OBJC_LITERAL_CONVERSION = YES;
				CLANG_WARN_OBJC_ROOT_CLASS = YES_ERROR;
				CLANG_WARN_QUOTED_INCLUDE_IN_FRAMEWORK_HEADER = YES;
				CLANG_WARN_RANGE_LOOP_ANALYSIS = YES;
				CLANG_WARN_STRICT_PROTOTYPES = YES;
				CLANG_WARN_SUSPICIOUS_MOVE = YES;
				CLANG_WARN_UNGUARDED_AVAILABILITY = YES_AGGRESSIVE;
				CLANG_WARN_UNREACHABLE_CODE = YES;
				CLANG_WARN__DUPLICATE_METHOD_MATCH = YES;
				COPY_PHASE_STRIP = NO;
				DEBUG_INFORMATION_FORMAT = dwarf;
				ENABLE_STRICT_OBJC_MSGSEND = YES;
				ENABLE_TESTABILITY = YES;
				GCC_C_LANGUAGE_STANDARD = gnu11;
				GCC_DYNAMIC_NO_PIC = NO;
				GCC_NO_COMMON_BLOCKS = YES;
				GCC_OPTIMIZATION_LEVEL = 0;
				GCC_PREPROCESSOR_DEFINITIONS = (
					"DEBUG=1",
					"$(inherited)",
				);
				GCC_WARN_64_TO_32_BIT_CONVERSION = YES;
				GCC_WARN_ABOUT_RETURN_TYPE = YES_ERROR;
				GCC_WARN_UNDECLARED_SELECTOR = YES;
				GCC_WARN_UNINITIALIZED_AUTOS = YES_AGGRESSIVE;
				GCC_WARN_UNUSED_FUNCTION = YES;
				GCC_WARN_UNUSED_VARIABLE = YES;
				IPHONEOS_DEPLOYMENT_TARGET = 14.4;
				MTL_ENABLE_DEBUG_INFO = INCLUDE_SOURCE;
				MTL_FAST_MATH = YES;
				ONLY_ACTIVE_ARCH = YES;
				SDKROOT = iphoneos;
				SWIFT_ACTIVE_COMPILATION_CONDITIONS = DEBUG;
				SWIFT_OPTIMIZATION_LEVEL = "-Onone";
			};
			name = Debug;
		};
		13377E34287B28CB0093C3F7 /* Release */ = {
			isa = XCBuildConfiguration;
			buildSettings = {
				ALWAYS_SEARCH_USER_PATHS = NO;
				CLANG_ANALYZER_NONNULL = YES;
				CLANG_ANALYZER_NUMBER_OBJECT_CONVERSION = YES_AGGRESSIVE;
				CLANG_CXX_LANGUAGE_STANDARD = "gnu++14";
				CLANG_CXX_LIBRARY = "libc++";
				CLANG_ENABLE_MODULES = YES;
				CLANG_ENABLE_OBJC_ARC = YES;
				CLANG_ENABLE_OBJC_WEAK = YES;
				CLANG_WARN_BLOCK_CAPTURE_AUTORELEASING = YES;
				CLANG_WARN_BOOL_CONVERSION = YES;
				CLANG_WARN_COMMA = YES;
				CLANG_WARN_CONSTANT_CONVERSION = YES;
				CLANG_WARN_DEPRECATED_OBJC_IMPLEMENTATIONS = YES;
				CLANG_WARN_DIRECT_OBJC_ISA_USAGE = YES_ERROR;
				CLANG_WARN_DOCUMENTATION_COMMENTS = YES;
				CLANG_WARN_EMPTY_BODY = YES;
				CLANG_WARN_ENUM_CONVERSION = YES;
				CLANG_WARN_INFINITE_RECURSION = YES;
				CLANG_WARN_INT_CONVERSION = YES;
				CLANG_WARN_NON_LITERAL_NULL_CONVERSION = YES;
				CLANG_WARN_OBJC_IMPLICIT_RETAIN_SELF = YES;
				CLANG_WARN_OBJC_LITERAL_CONVERSION = YES;
				CLANG_WARN_OBJC_ROOT_CLASS = YES_ERROR;
				CLANG_WARN_QUOTED_INCLUDE_IN_FRAMEWORK_HEADER = YES;
				CLANG_WARN_RANGE_LOOP_ANALYSIS = YES;
				CLANG_WARN_STRICT_PROTOTYPES = YES;
				CLANG_WARN_SUSPICIOUS_MOVE = YES;
				CLANG_WARN_UNGUARDED_AVAILABILITY = YES_AGGRESSIVE;
				CLANG_WARN_UNREACHABLE_CODE = YES;
				CLANG_WARN__DUPLICATE_METHOD_MATCH = YES;
				COPY_PHASE_STRIP = NO;
				DEBUG_INFORMATION_FORMAT = "dwarf-with-dsym";
				ENABLE_NS_ASSERTIONS = NO;
				ENABLE_STRICT_OBJC_MSGSEND = YES;
				GCC_C_LANGUAGE_STANDARD = gnu11;
				GCC_NO_COMMON_BLOCKS = YES;
				GCC_WARN_64_TO_32_BIT_CONVERSION = YES;
				GCC_WARN_ABOUT_RETURN_TYPE = YES_ERROR;
				GCC_WARN_UNDECLARED_SELECTOR = YES;
				GCC_WARN_UNINITIALIZED_AUTOS = YES_AGGRESSIVE;
				GCC_WARN_UNUSED_FUNCTION = YES;
				GCC_WARN_UNUSED_VARIABLE = YES;
				IPHONEOS_DEPLOYMENT_TARGET = 14.4;
				MTL_ENABLE_DEBUG_INFO = NO;
				MTL_FAST_MATH = YES;
				SDKROOT = iphoneos;
				SWIFT_COMPILATION_MODE = wholemodule;
				SWIFT_OPTIMIZATION_LEVEL = "-O";
				VALIDATE_PRODUCT = YES;
			};
			name = Release;
		};
		13377E36287B28CB0093C3F7 /* Debug */ = {
			isa = XCBuildConfiguration;
			buildSettings = {
				ASSETCATALOG_COMPILER_APPICON_NAME = AppIcon;
				ASSETCATALOG_COMPILER_GLOBAL_ACCENT_COLOR_NAME = AccentColor;
				CODE_SIGN_STYLE = Automatic;
				DEVELOPMENT_TEAM = LS5YCB456C;
				INFOPLIST_FILE = "Animolz-iOS/Info.plist";
				LD_RUNPATH_SEARCH_PATHS = (
					"$(inherited)",
					"@executable_path/Frameworks",
				);
				PRODUCT_BUNDLE_IDENTIFIER = "id.coedotz.Animolz-iOS";
				PRODUCT_NAME = "$(TARGET_NAME)";
				SWIFT_VERSION = 5.0;
				TARGETED_DEVICE_FAMILY = "1,2";
			};
			name = Debug;
		};
		13377E37287B28CB0093C3F7 /* Release */ = {
			isa = XCBuildConfiguration;
			buildSettings = {
				ASSETCATALOG_COMPILER_APPICON_NAME = AppIcon;
				ASSETCATALOG_COMPILER_GLOBAL_ACCENT_COLOR_NAME = AccentColor;
				CODE_SIGN_STYLE = Automatic;
				DEVELOPMENT_TEAM = LS5YCB456C;
				INFOPLIST_FILE = "Animolz-iOS/Info.plist";
				LD_RUNPATH_SEARCH_PATHS = (
					"$(inherited)",
					"@executable_path/Frameworks",
				);
				PRODUCT_BUNDLE_IDENTIFIER = "id.coedotz.Animolz-iOS";
				PRODUCT_NAME = "$(TARGET_NAME)";
				SWIFT_VERSION = 5.0;
				TARGETED_DEVICE_FAMILY = "1,2";
			};
			name = Release;
		};
/* End XCBuildConfiguration section */

/* Begin XCConfigurationList section */
		13377E1C287B28CA0093C3F7 /* Build configuration list for PBXProject "Animolz-iOS" */ = {
			isa = XCConfigurationList;
			buildConfigurations = (
				13377E33287B28CB0093C3F7 /* Debug */,
				13377E34287B28CB0093C3F7 /* Release */,
			);
			defaultConfigurationIsVisible = 0;
			defaultConfigurationName = Release;
		};
		13377E35287B28CB0093C3F7 /* Build configuration list for PBXNativeTarget "Animolz-iOS" */ = {
			isa = XCConfigurationList;
			buildConfigurations = (
				13377E36287B28CB0093C3F7 /* Debug */,
				13377E37287B28CB0093C3F7 /* Release */,
			);
			defaultConfigurationIsVisible = 0;
			defaultConfigurationName = Release;
		};
/* End XCConfigurationList section */
	};
	rootObject = 13377E19287B28CA0093C3F7 /* Project object */;
}
